{
    "_meta": {
        "hash": {
            "sha256": "41e6e18bc7e23b77fae6254d481b34908d58f83734985f9bdb8d4b0c6e6b889a"
        },
        "pipfile-spec": 6,
        "requires": {
            "python_version": "3.6"
        },
        "sources": [
            {
                "name": "pypi",
                "url": "https://pypi.python.org/simple",
                "verify_ssl": true
            }
        ]
    },
    "default": {
        "bintrees": {
            "hashes": [
                "sha256:3270aa3d541906382d823eb4406bf3b9ad5d2731c12c58f22cb2e12475addb90",
                "sha256:60675e6602cef094abcd38bf4aecc067d78ae2d5e1645615c789724542d11270",
                "sha256:730ed144319c82edff3b4d151a70aae7371054e1f3bfed4d44db87ccbebe8c7f",
                "sha256:94e604f709151d0e678e06baa269fc748ae48667678ec23eb2b6704d743aa34f"
            ],
            "index": "pypi",
            "version": "==2.0.7"
        },
        "coinbase": {
            "hashes": [
                "sha256:65ced674f3ecc0b51db1fdad83d7574c35fb82787ebae81479dc7fb6f40fdb54"
            ],
            "index": "pypi",
            "version": "==2.1.0"
        },
        "fdfgen": {
            "hashes": [
                "sha256:0eda63b5eb0810843dd98437778702fb396def51090ce8a01186e5234e247f8e",
                "sha256:5977201fe61f18de376257a6b873012fbfdc6d20c9593c92392632e8b24038d4"
            ],
            "index": "pypi",
            "version": "==0.16.1"
        },
        "gdax": {
            "hashes": [
                "sha256:999d95eb43ce3e656e241e4488d3e494190c8a29f76776ded50a02eb5ef8c9a7",
                "sha256:c2126fca4562cec5621202fb36b248b157936816e865f90be960b8fda858ce45"
            ],
            "index": "pypi",
            "version": "==1.0.6"
        },
        "geminipy": {
            "hashes": [
                "sha256:755628820481e897037e5ca37daaf069a59f5ab34dd0e417e53b0588c0ed1f0c"
            ],
            "index": "pypi",
            "version": "==0.0.3"
        },
        "pycryptodome": {
            "hashes": [
                "sha256:0f027d5da3f3c4c0167f3ccf4a1f56674248120656099df35098dfaf3edff0fb",
                "sha256:1e970715407a862b6b4c61f1a8c60734c0fa39f45d36dda46dbd0baf2d8caec2",
                "sha256:2652a86850d7873249c64365a61e1052934f1504f11b57dbe76c1a4dc9b5d593",
                "sha256:26953969934e09d49b2e370229ef262dd480b46130660086b22fea29df335dea",
                "sha256:31d2f9fa32fd651694dbae298682c1afa2337fa6454b32b241164c2ffe96e1c1",
                "sha256:53cd63d379224ea52d8ba2012fe8acf9eb682aa819c3a9a02397fe3e6b4315a4",
                "sha256:637bfc8bfb68d477619c54b56d912117abca05306a222ccf03dfc09ab6b4e5a4",
                "sha256:6b8a3753e31b058d48bdd26c50c049a04f35f0f05c0d866c63fc90fc9b8dc5d7",
                "sha256:7bd1c4671b3a2c8d647731e9c34115efa928ff12d0ef1bef68f0f7af984bc239",
                "sha256:7cb057b700d688bb37082b0086d061462dde18c1fbbe355615db87f3bf97ffa4",
                "sha256:7d7e07e885cee42b222ab190ea292f144aaf6e915ea3d1bf9e2f812fc2ad9f18",
                "sha256:80c55dd2246a17b4af18bd615711b90c8df4b780451692f627a38a636d0792ae",
                "sha256:864249afa1d801c7a2abb3fbed0e9e8ce4844a8f68daff8028a40634f69f0135",
                "sha256:927ce443c5183ee7738ce113ecf656842fafbad1d6f4ab726dc12abc8adabfad",
                "sha256:9dd8fb9d76fde52c01dcc6d24dc384ddb60ff6fb96216a58017dacc5580600e3",
                "sha256:abd859f70a9cad653644b0415adfe6223f708093296747970ec56a8f5537bfb3",
                "sha256:b3cb4af317d9b84f6df50f0cfa6840ba69556af637a83fd971537823e13d601a",
                "sha256:b4c5d98eb9608bf29b66504dba96494a9fac75b3c0c57dfb557f6e812989a3fe",
                "sha256:bc130342d9b6267efaa97ea305b9a46f59c097e95263a6d65abc7890331535e7",
                "sha256:c26f706a8b8e1e44076126bfe0319b7eb9038350d5b6ff55c86b2edb434b3e52",
                "sha256:c58539996e2acdb6c5554851cd1b333af889a6aadeb9865127e4bbc17d01ff53",
                "sha256:c899042914a780abfc01250d22f5674f60195b8149f161a6481b6f6b7aa81dee",
                "sha256:d0468c5c9944859c862d81621985d407097c08c0e18bb537883b9268c6e34bd1",
                "sha256:dfa339c6ef6a1f36642db0dd0d442207aa2a071caa122d744222f2a2832c530f",
                "sha256:e23b2e13580a4e2d35f7acba674b2b1d1fca9b20a5c0d8ffb98b8fe58c2e7107",
                "sha256:e4406a5141d6d5d19ee515ff6c69baf9a7a10006a8490e7447cbc8dcf61f9903",
                "sha256:ef50df5404b50109a13e46f4421ffe64a650104e2216e282a49662712b024dae",
                "sha256:f459395378709b7aa32bb6e59d55d72d48631840ed6c1c919f63036bd548f375",
                "sha256:fa99a0bcadef482300f5308bb9c0041d4f084b085dff0c908350de382df9f87d",
                "sha256:fbd0def77da8edd5293e5e3b534763861e1c3f4f645ef3602f718fd709536a77"
            ],
            "index": "pypi",
            "version": "==3.6.6"
        },
        "python-dateutil": {
            "hashes": [
                "sha256:3220490fb9741e2342e1cf29a503394fdac874bc39568288717ee67047ff29df",
                "sha256:9d8074be4c993fbe4947878ce593052f71dac82932a677d49194d8ce9778002e"
            ],
            "index": "pypi",
            "version": "==2.7.2"
        },
        "pyyaml": {
            "hashes": [
                "sha256:3d7da3009c0f3e783b2c873687652d83b1bbfd5c88e9813fb7e5b03c0dd3108b",
                "sha256:3ef3092145e9b70e3ddd2c7ad59bdd0252a94dfe3949721633e41344de00a6bf",
                "sha256:40c71b8e076d0550b2e6380bada1f1cd1017b882f7e16f09a65be98e017f211a",
                "sha256:558dd60b890ba8fd982e05941927a3911dc409a63dcb8b634feaa0cda69330d3",
                "sha256:a7c28b45d9f99102fa092bb213aa12e0aaf9a6a1f5e395d36166639c1f96c3a1",
                "sha256:aa7dd4a6a427aed7df6fb7f08a580d68d9b118d90310374716ae90b710280af1",
                "sha256:bc558586e6045763782014934bfaf39d48b8ae85a2713117d16c39864085c613",
                "sha256:d46d7982b62e0729ad0175a9bc7e10a566fc07b224d2c79fafb5e032727eaa04",
                "sha256:d5eef459e30b09f5a098b9cea68bebfeb268697f78d647bd255a085371ac7f3f",
                "sha256:e01d3203230e1786cd91ccfdc8f8454c8069c91bee3962ad93b87a4b2860f537",
                "sha256:e170a9e6fcfd19021dd29845af83bb79236068bf5fd4df3327c1be18182b2531"
            ],
            "index": "pypi",
            "version": "==3.13"
        },
        "requests": {
            "hashes": [
                "sha256:1a720e8862a41aa22e339373b526f508ef0c8988baf48b84d3fc891a8e237efb",
                "sha256:5722cd09762faa01276230270ff16af7acf7c5c45d623868d9ba116f15791ce8"
            ],
            "index": "pypi",
            "version": "==2.13.0"
        },
        "six": {
            "hashes": [
                "sha256:0ff78c403d9bccf5a425a6d31a12aa6b47f1c21ca4dc2573a7e2f32a97335eb1",
                "sha256:105f8d68616f8248e24bf0e9372ef04d3cc10104f1980f54d57b2ce73a5ad56a"
            ],
            "index": "pypi",
            "version": "==1.10.0"
        },
        "websocket-client": {
            "hashes": [
                "sha256:40ac14a0c54e14d22809a5c8d553de5a2ae45de3c60105fae53bcb281b3fe6fb"
            ],
            "index": "pypi",
            "version": "==0.40.0"
        }
    },
    "develop": {}
}
